
Microsoft Visual Studio Solution File, Format Version 12.00
# Visual Studio 15
VisualStudioVersion = 15.0.28307.168
MinimumVisualStudioVersion = 10.0.40219.1
Project("{FAE04EC0-301F-11D3-BF4B-00C04F79EFBC}") = "C0730457 linked lists  1", "C0730457 linked lists  1\C0730457 linked lists  1.csproj", "{ADA6929B-95A1-43E8-B361-5F73D1A2A9E6}"
EndProject
Global
	GlobalSection(SolutionConfigurationPlatforms) = preSolution
		Debug|Any CPU = Debug|Any CPU
		Release|Any CPU = Release|Any CPU
	EndGlobalSection
	GlobalSection(ProjectConfigurationPlatforms) = postSolution
		{ADA6929B-95A1-43E8-B361-5F73D1A2A9E6}.Debug|Any CPU.ActiveCfg = Debug|Any CPU
		{ADA6929B-95A1-43E8-B361-5F73D1A2A9E6}.Debug|Any CPU.Build.0 = Debug|Any CPU
		{ADA6929B-95A1-43E8-B361-5F73D1A2A9E6}.Release|Any CPU.ActiveCfg = Release|Any CPU
		{ADA6929B-95A1-43E8-B361-5F73D1A2A9E6}.Release|Any CPU.Build.0 = Release|Any CPU
	EndGlobalSection
	GlobalSection(SolutionProperties) = preSolution
		HideSolutionNode = FALSE
	EndGlobalSection
	GlobalSection(ExtensibilityGlobals) = postSolution
		SolutionGuid = {5D493B46-CDED-4F44-9DD4-5FD7EF2CD9F8}
	EndGlobalSection
EndGlobal
